
Microsoft Visual Studio Solution File, Format Version 12.00
# Visual Studio Version 17
VisualStudioVersion = 17.0.32014.148
MinimumVisualStudioVersion = 10.0.40219.1
Project("{2150E333-8FDC-42A3-9474-1A3956D46DE8}") = "Servers", "Servers", "{86680972-19C3-41A1-95AC-4D4F990A4F41}"
EndProject
Project("{FAE04EC0-301F-11D3-BF4B-00C04F79EFBC}") = "Adams.ApiGateway.Server", "Adams.ApiGateway.Server\Adams.ApiGateway.Server.csproj", "{772DAF57-DDAD-4DED-8A6B-ED168ECB458D}"
EndProject
Project("{FAE04EC0-301F-11D3-BF4B-00C04F79EFBC}") = "Adams.Scheduler.Server", "Adams.Scheduler.Server\Adams.Scheduler.Server.csproj", "{DB3E3740-566B-4F52-A4D1-7BF4815A4E4B}"
EndProject
Project("{2150E333-8FDC-42A3-9474-1A3956D46DE8}") = "Services", "Services", "{7FF2F7D5-B42C-4C34-952C-C5AFFE216ED6}"
EndProject
Project("{FAE04EC0-301F-11D3-BF4B-00C04F79EFBC}") = "Adams.Train.Server", "Adams.Train.Server\Adams.Train.Server.csproj", "{C1382CE3-68CE-48A1-AC34-A5AD2F6E9914}"
EndProject
Project("{FAE04EC0-301F-11D3-BF4B-00C04F79EFBC}") = "Adams.Client", "Adams.Client\Adams.Client.csproj", "{51E15EED-FBC0-45E9-B279-7F393EA8E402}"
EndProject
Project("{9A19103F-16F7-4668-BE54-9A1E7A4F7556}") = "NAVIAIServices", "..\naviai-services\NAVIAIServices\NAVIAIServices.csproj", "{7A4082A6-5522-40C7-A68B-4F6C84538E2E}"
EndProject
Project("{FAE04EC0-301F-11D3-BF4B-00C04F79EFBC}") = "Test", "Test\Test.csproj", "{AF55DCA5-B68D-4C8B-BD0A-E59D1119AC71}"
EndProject
Global
	GlobalSection(SolutionConfigurationPlatforms) = preSolution
		Debug|Any CPU = Debug|Any CPU
		Debug|x64 = Debug|x64
		Release|Any CPU = Release|Any CPU
		Release|x64 = Release|x64
	EndGlobalSection
	GlobalSection(ProjectConfigurationPlatforms) = postSolution
		{772DAF57-DDAD-4DED-8A6B-ED168ECB458D}.Debug|Any CPU.ActiveCfg = Debug|Any CPU
		{772DAF57-DDAD-4DED-8A6B-ED168ECB458D}.Debug|Any CPU.Build.0 = Debug|Any CPU
		{772DAF57-DDAD-4DED-8A6B-ED168ECB458D}.Debug|x64.ActiveCfg = Debug|Any CPU
		{772DAF57-DDAD-4DED-8A6B-ED168ECB458D}.Debug|x64.Build.0 = Debug|Any CPU
		{772DAF57-DDAD-4DED-8A6B-ED168ECB458D}.Release|Any CPU.ActiveCfg = Release|Any CPU
		{772DAF57-DDAD-4DED-8A6B-ED168ECB458D}.Release|Any CPU.Build.0 = Release|Any CPU
		{772DAF57-DDAD-4DED-8A6B-ED168ECB458D}.Release|x64.ActiveCfg = Release|Any CPU
		{772DAF57-DDAD-4DED-8A6B-ED168ECB458D}.Release|x64.Build.0 = Release|Any CPU
		{DB3E3740-566B-4F52-A4D1-7BF4815A4E4B}.Debug|Any CPU.ActiveCfg = Debug|Any CPU
		{DB3E3740-566B-4F52-A4D1-7BF4815A4E4B}.Debug|Any CPU.Build.0 = Debug|Any CPU
		{DB3E3740-566B-4F52-A4D1-7BF4815A4E4B}.Debug|x64.ActiveCfg = Debug|Any CPU
		{DB3E3740-566B-4F52-A4D1-7BF4815A4E4B}.Debug|x64.Build.0 = Debug|Any CPU
		{DB3E3740-566B-4F52-A4D1-7BF4815A4E4B}.Release|Any CPU.ActiveCfg = Release|Any CPU
		{DB3E3740-566B-4F52-A4D1-7BF4815A4E4B}.Release|Any CPU.Build.0 = Release|Any CPU
		{DB3E3740-566B-4F52-A4D1-7BF4815A4E4B}.Release|x64.ActiveCfg = Release|Any CPU
		{DB3E3740-566B-4F52-A4D1-7BF4815A4E4B}.Release|x64.Build.0 = Release|Any CPU
		{C1382CE3-68CE-48A1-AC34-A5AD2F6E9914}.Debug|Any CPU.ActiveCfg = Debug|Any CPU
		{C1382CE3-68CE-48A1-AC34-A5AD2F6E9914}.Debug|Any CPU.Build.0 = Debug|Any CPU
		{C1382CE3-68CE-48A1-AC34-A5AD2F6E9914}.Debug|x64.ActiveCfg = Debug|Any CPU
		{C1382CE3-68CE-48A1-AC34-A5AD2F6E9914}.Debug|x64.Build.0 = Debug|Any CPU
		{C1382CE3-68CE-48A1-AC34-A5AD2F6E9914}.Release|Any CPU.ActiveCfg = Release|Any CPU
		{C1382CE3-68CE-48A1-AC34-A5AD2F6E9914}.Release|Any CPU.Build.0 = Release|Any CPU
		{C1382CE3-68CE-48A1-AC34-A5AD2F6E9914}.Release|x64.ActiveCfg = Release|Any CPU
		{C1382CE3-68CE-48A1-AC34-A5AD2F6E9914}.Release|x64.Build.0 = Release|Any CPU
		{51E15EED-FBC0-45E9-B279-7F393EA8E402}.Debug|Any CPU.ActiveCfg = Debug|Any CPU
		{51E15EED-FBC0-45E9-B279-7F393EA8E402}.Debug|Any CPU.Build.0 = Debug|Any CPU
		{51E15EED-FBC0-45E9-B279-7F393EA8E402}.Debug|x64.ActiveCfg = Debug|Any CPU
		{51E15EED-FBC0-45E9-B279-7F393EA8E402}.Debug|x64.Build.0 = Debug|Any CPU
		{51E15EED-FBC0-45E9-B279-7F393EA8E402}.Release|Any CPU.ActiveCfg = Release|Any CPU
		{51E15EED-FBC0-45E9-B279-7F393EA8E402}.Release|Any CPU.Build.0 = Release|Any CPU
		{51E15EED-FBC0-45E9-B279-7F393EA8E402}.Release|x64.ActiveCfg = Release|Any CPU
		{51E15EED-FBC0-45E9-B279-7F393EA8E402}.Release|x64.Build.0 = Release|Any CPU
		{7A4082A6-5522-40C7-A68B-4F6C84538E2E}.Debug|Any CPU.ActiveCfg = Debug|Any CPU
		{7A4082A6-5522-40C7-A68B-4F6C84538E2E}.Debug|Any CPU.Build.0 = Debug|Any CPU
		{7A4082A6-5522-40C7-A68B-4F6C84538E2E}.Debug|x64.ActiveCfg = Debug|Any CPU
		{7A4082A6-5522-40C7-A68B-4F6C84538E2E}.Debug|x64.Build.0 = Debug|Any CPU
		{7A4082A6-5522-40C7-A68B-4F6C84538E2E}.Release|Any CPU.ActiveCfg = Release|Any CPU
		{7A4082A6-5522-40C7-A68B-4F6C84538E2E}.Release|Any CPU.Build.0 = Release|Any CPU
		{7A4082A6-5522-40C7-A68B-4F6C84538E2E}.Release|x64.ActiveCfg = Release|Any CPU
		{7A4082A6-5522-40C7-A68B-4F6C84538E2E}.Release|x64.Build.0 = Release|Any CPU
		{AF55DCA5-B68D-4C8B-BD0A-E59D1119AC71}.Debug|Any CPU.ActiveCfg = Debug|Any CPU
		{AF55DCA5-B68D-4C8B-BD0A-E59D1119AC71}.Debug|Any CPU.Build.0 = Debug|Any CPU
		{AF55DCA5-B68D-4C8B-BD0A-E59D1119AC71}.Debug|x64.ActiveCfg = Debug|Any CPU
		{AF55DCA5-B68D-4C8B-BD0A-E59D1119AC71}.Debug|x64.Build.0 = Debug|Any CPU
		{AF55DCA5-B68D-4C8B-BD0A-E59D1119AC71}.Release|Any CPU.ActiveCfg = Release|Any CPU
		{AF55DCA5-B68D-4C8B-BD0A-E59D1119AC71}.Release|Any CPU.Build.0 = Release|Any CPU
		{AF55DCA5-B68D-4C8B-BD0A-E59D1119AC71}.Release|x64.ActiveCfg = Release|Any CPU
		{AF55DCA5-B68D-4C8B-BD0A-E59D1119AC71}.Release|x64.Build.0 = Release|Any CPU
	EndGlobalSection
	GlobalSection(SolutionProperties) = preSolution
		HideSolutionNode = FALSE
	EndGlobalSection
	GlobalSection(NestedProjects) = preSolution
		{772DAF57-DDAD-4DED-8A6B-ED168ECB458D} = {86680972-19C3-41A1-95AC-4D4F990A4F41}
		{DB3E3740-566B-4F52-A4D1-7BF4815A4E4B} = {86680972-19C3-41A1-95AC-4D4F990A4F41}
		{C1382CE3-68CE-48A1-AC34-A5AD2F6E9914} = {86680972-19C3-41A1-95AC-4D4F990A4F41}
		{7A4082A6-5522-40C7-A68B-4F6C84538E2E} = {7FF2F7D5-B42C-4C34-952C-C5AFFE216ED6}
	EndGlobalSection
	GlobalSection(ExtensibilityGlobals) = postSolution
		SolutionGuid = {8084AFD4-2EF2-4235-BD60-EB52B8869637}
	EndGlobalSection
EndGlobal
